
Microsoft Visual Studio Solution File, Format Version 12.00
# Visual Studio Version 17
VisualStudioVersion = 17.3.32901.215
MinimumVisualStudioVersion = 10.0.40219.1
Project("{FAE04EC0-301F-11D3-BF4B-00C04F79EFBC}") = "ProyectoConsola", "ProyectoConsola\ProyectoConsola.csproj", "{510C7C26-5761-4A5B-B794-EF06609E893E}"
EndProject
Global
	GlobalSection(SolutionConfigurationPlatforms) = preSolution
		Debug|Any CPU = Debug|Any CPU
		Release|Any CPU = Release|Any CPU
	EndGlobalSection
	GlobalSection(ProjectConfigurationPlatforms) = postSolution
		{510C7C26-5761-4A5B-B794-EF06609E893E}.Debug|Any CPU.ActiveCfg = Debug|Any CPU
		{510C7C26-5761-4A5B-B794-EF06609E893E}.Debug|Any CPU.Build.0 = Debug|Any CPU
		{510C7C26-5761-4A5B-B794-EF06609E893E}.Release|Any CPU.ActiveCfg = Release|Any CPU
		{510C7C26-5761-4A5B-B794-EF06609E893E}.Release|Any CPU.Build.0 = Release|Any CPU
	EndGlobalSection
	GlobalSection(SolutionProperties) = preSolution
		HideSolutionNode = FALSE
	EndGlobalSection
	GlobalSection(ExtensibilityGlobals) = postSolution
		SolutionGuid = {46C58739-8939-426C-8A14-4560F08951FC}
	EndGlobalSection
EndGlobal
